
Microsoft Visual Studio Solution File, Format Version 12.00
# Visual Studio 15
VisualStudioVersion = 15.0.28307.1738
MinimumVisualStudioVersion = 10.0.40219.1
Project("{FAE04EC0-301F-11D3-BF4B-00C04F79EFBC}") = "ml_lme", "ml_lme\ml_lme.csproj", "{83CC74B7-F444-40E1-BD06-67CEC995A919}"
EndProject
Project("{FAE04EC0-301F-11D3-BF4B-00C04F79EFBC}") = "ml_drs", "ml_drs\ml_drs.csproj", "{06CD5155-4459-48C3-8A53-E0B91136351B}"
EndProject
Project("{FAE04EC0-301F-11D3-BF4B-00C04F79EFBC}") = "ml_amt", "ml_amt\ml_amt.csproj", "{74E13D02-A506-41A2-A2CF-C8B3D5B1E452}"
EndProject
Project("{FAE04EC0-301F-11D3-BF4B-00C04F79EFBC}") = "ml_dht", "ml_dht\ml_dht.csproj", "{6DD89FC3-A974-4C39-A3EE-F60C24B17B5B}"
EndProject
Project("{FAE04EC0-301F-11D3-BF4B-00C04F79EFBC}") = "ml_egn", "ml_egn\ml_egn.csproj", "{1B5ACA07-6266-4C9A-BA30-D4BBE6634846}"
EndProject
Project("{FAE04EC0-301F-11D3-BF4B-00C04F79EFBC}") = "ml_pam", "ml_pam\ml_pam.csproj", "{3B5028DE-8C79-40DF-A1EF-BDB29D366125}"
EndProject
Project("{FAE04EC0-301F-11D3-BF4B-00C04F79EFBC}") = "ml_prm", "ml_prm\ml_prm.csproj", "{ABD2A720-2DE8-4EB3-BFC2-8F1C3D2ADA15}"
EndProject
Project("{FAE04EC0-301F-11D3-BF4B-00C04F79EFBC}") = "ml_pmc", "ml_pmc\ml_pmc.csproj", "{758514D3-6E1A-4E05-A156-B4E5C74AB5C4}"
EndProject
Global
	GlobalSection(SolutionConfigurationPlatforms) = preSolution
		Debug|x64 = Debug|x64
		Release|x64 = Release|x64
	EndGlobalSection
	GlobalSection(ProjectConfigurationPlatforms) = postSolution
		{83CC74B7-F444-40E1-BD06-67CEC995A919}.Debug|x64.ActiveCfg = Debug|x64
		{83CC74B7-F444-40E1-BD06-67CEC995A919}.Debug|x64.Build.0 = Debug|x64
		{83CC74B7-F444-40E1-BD06-67CEC995A919}.Release|x64.ActiveCfg = Release|x64
		{83CC74B7-F444-40E1-BD06-67CEC995A919}.Release|x64.Build.0 = Release|x64
		{06CD5155-4459-48C3-8A53-E0B91136351B}.Debug|x64.ActiveCfg = Debug|x64
		{06CD5155-4459-48C3-8A53-E0B91136351B}.Debug|x64.Build.0 = Debug|x64
		{06CD5155-4459-48C3-8A53-E0B91136351B}.Release|x64.ActiveCfg = Release|x64
		{06CD5155-4459-48C3-8A53-E0B91136351B}.Release|x64.Build.0 = Release|x64
		{74E13D02-A506-41A2-A2CF-C8B3D5B1E452}.Debug|x64.ActiveCfg = Debug|x64
		{74E13D02-A506-41A2-A2CF-C8B3D5B1E452}.Debug|x64.Build.0 = Debug|x64
		{74E13D02-A506-41A2-A2CF-C8B3D5B1E452}.Release|x64.ActiveCfg = Release|x64
		{74E13D02-A506-41A2-A2CF-C8B3D5B1E452}.Release|x64.Build.0 = Release|x64
		{6DD89FC3-A974-4C39-A3EE-F60C24B17B5B}.Debug|x64.ActiveCfg = Debug|x64
		{6DD89FC3-A974-4C39-A3EE-F60C24B17B5B}.Debug|x64.Build.0 = Debug|x64
		{6DD89FC3-A974-4C39-A3EE-F60C24B17B5B}.Release|x64.ActiveCfg = Release|x64
		{6DD89FC3-A974-4C39-A3EE-F60C24B17B5B}.Release|x64.Build.0 = Release|x64
		{1B5ACA07-6266-4C9A-BA30-D4BBE6634846}.Debug|x64.ActiveCfg = Debug|x64
		{1B5ACA07-6266-4C9A-BA30-D4BBE6634846}.Debug|x64.Build.0 = Debug|x64
		{1B5ACA07-6266-4C9A-BA30-D4BBE6634846}.Release|x64.ActiveCfg = Release|x64
		{1B5ACA07-6266-4C9A-BA30-D4BBE6634846}.Release|x64.Build.0 = Release|x64
		{3B5028DE-8C79-40DF-A1EF-BDB29D366125}.Debug|x64.ActiveCfg = Debug|x64
		{3B5028DE-8C79-40DF-A1EF-BDB29D366125}.Debug|x64.Build.0 = Debug|x64
		{3B5028DE-8C79-40DF-A1EF-BDB29D366125}.Release|x64.ActiveCfg = Release|x64
		{3B5028DE-8C79-40DF-A1EF-BDB29D366125}.Release|x64.Build.0 = Release|x64
		{ABD2A720-2DE8-4EB3-BFC2-8F1C3D2ADA15}.Debug|x64.ActiveCfg = Debug|x64
		{ABD2A720-2DE8-4EB3-BFC2-8F1C3D2ADA15}.Debug|x64.Build.0 = Debug|x64
		{ABD2A720-2DE8-4EB3-BFC2-8F1C3D2ADA15}.Release|x64.ActiveCfg = Release|x64
		{ABD2A720-2DE8-4EB3-BFC2-8F1C3D2ADA15}.Release|x64.Build.0 = Release|x64
		{758514D3-6E1A-4E05-A156-B4E5C74AB5C4}.Debug|x64.ActiveCfg = Debug|x64
		{758514D3-6E1A-4E05-A156-B4E5C74AB5C4}.Debug|x64.Build.0 = Debug|x64
		{758514D3-6E1A-4E05-A156-B4E5C74AB5C4}.Release|x64.ActiveCfg = Release|x64
		{758514D3-6E1A-4E05-A156-B4E5C74AB5C4}.Release|x64.Build.0 = Release|x64
	EndGlobalSection
	GlobalSection(SolutionProperties) = preSolution
		HideSolutionNode = FALSE
	EndGlobalSection
	GlobalSection(ExtensibilityGlobals) = postSolution
		SolutionGuid = {C7C6398E-220C-40C3-AE95-5690C9B2B3C3}
	EndGlobalSection
EndGlobal
