
Microsoft Visual Studio Solution File, Format Version 12.00
# Visual Studio Version 16
VisualStudioVersion = 16.0.33214.272
MinimumVisualStudioVersion = 10.0.40219.1
Project("{9A19103F-16F7-4668-BE54-9A1E7A4F7556}") = "ml_amt", "ml_amt\ml_amt.csproj", "{714806A3-E6FC-46F6-9D1D-89C77FEBAF06}"
EndProject
Project("{9A19103F-16F7-4668-BE54-9A1E7A4F7556}") = "ml_dht", "ml_dht\ml_dht.csproj", "{D805BA67-067E-4B79-87FC-6B08973F13EE}"
EndProject
Project("{9A19103F-16F7-4668-BE54-9A1E7A4F7556}") = "ml_drs", "ml_drs\ml_drs.csproj", "{47B2BE27-B238-4135-AE17-9195884FDD8F}"
EndProject
Project("{9A19103F-16F7-4668-BE54-9A1E7A4F7556}") = "ml_egn", "ml_egn\ml_egn.csproj", "{8B05FAC0-5C12-40CA-BA48-9F55923E8135}"
EndProject
Project("{9A19103F-16F7-4668-BE54-9A1E7A4F7556}") = "ml_lme", "ml_lme\ml_lme.csproj", "{77EA76B1-3709-4FC5-BDBD-8F77160E6DA3}"
EndProject
Project("{9A19103F-16F7-4668-BE54-9A1E7A4F7556}") = "ml_pam", "ml_pam\ml_pam.csproj", "{5B614459-234A-443D-B06D-34FF81ADA67E}"
EndProject
Global
	GlobalSection(SolutionConfigurationPlatforms) = preSolution
		Debug|x64 = Debug|x64
		Release|x64 = Release|x64
	EndGlobalSection
	GlobalSection(ProjectConfigurationPlatforms) = postSolution
		{714806A3-E6FC-46F6-9D1D-89C77FEBAF06}.Debug|x64.ActiveCfg = Debug|x64
		{714806A3-E6FC-46F6-9D1D-89C77FEBAF06}.Release|x64.ActiveCfg = Release|x64
		{714806A3-E6FC-46F6-9D1D-89C77FEBAF06}.Release|x64.Build.0 = Release|x64
		{D805BA67-067E-4B79-87FC-6B08973F13EE}.Debug|x64.ActiveCfg = Debug|x64
		{D805BA67-067E-4B79-87FC-6B08973F13EE}.Release|x64.ActiveCfg = Release|x64
		{D805BA67-067E-4B79-87FC-6B08973F13EE}.Release|x64.Build.0 = Release|x64
		{47B2BE27-B238-4135-AE17-9195884FDD8F}.Debug|x64.ActiveCfg = Debug|x64
		{47B2BE27-B238-4135-AE17-9195884FDD8F}.Release|x64.ActiveCfg = Release|x64
		{47B2BE27-B238-4135-AE17-9195884FDD8F}.Release|x64.Build.0 = Release|x64
		{8B05FAC0-5C12-40CA-BA48-9F55923E8135}.Debug|x64.ActiveCfg = Debug|x64
		{8B05FAC0-5C12-40CA-BA48-9F55923E8135}.Release|x64.ActiveCfg = Release|x64
		{8B05FAC0-5C12-40CA-BA48-9F55923E8135}.Release|x64.Build.0 = Release|x64
		{77EA76B1-3709-4FC5-BDBD-8F77160E6DA3}.Debug|x64.ActiveCfg = Debug|x64
		{77EA76B1-3709-4FC5-BDBD-8F77160E6DA3}.Release|x64.ActiveCfg = Release|x64
		{77EA76B1-3709-4FC5-BDBD-8F77160E6DA3}.Release|x64.Build.0 = Release|x64
		{5B614459-234A-443D-B06D-34FF81ADA67E}.Debug|x64.ActiveCfg = Debug|x64
		{5B614459-234A-443D-B06D-34FF81ADA67E}.Release|x64.ActiveCfg = Release|x64
		{5B614459-234A-443D-B06D-34FF81ADA67E}.Release|x64.Build.0 = Release|x64
	EndGlobalSection
	GlobalSection(SolutionProperties) = preSolution
		HideSolutionNode = FALSE
	EndGlobalSection
	GlobalSection(ExtensibilityGlobals) = postSolution
		SolutionGuid = {C7C6398E-220C-40C3-AE95-5690C9B2B3C3}
	EndGlobalSection
EndGlobal
